
Microsoft Visual Studio Solution File, Format Version 12.00
# Visual Studio Version 17
VisualStudioVersion = 17.5.33424.131
MinimumVisualStudioVersion = 10.0.40219.1
Project("{FAE04EC0-301F-11D3-BF4B-00C04F79EFBC}") = "Sistema2", "Sistema2\Sistema2.csproj", "{7DD8211B-D477-4C62-9AE1-4AF3491B955E}"
EndProject
Global
	GlobalSection(SolutionConfigurationPlatforms) = preSolution
		Debug|Any CPU = Debug|Any CPU
		Release|Any CPU = Release|Any CPU
	EndGlobalSection
	GlobalSection(ProjectConfigurationPlatforms) = postSolution
		{7DD8211B-D477-4C62-9AE1-4AF3491B955E}.Debug|Any CPU.ActiveCfg = Debug|Any CPU
		{7DD8211B-D477-4C62-9AE1-4AF3491B955E}.Debug|Any CPU.Build.0 = Debug|Any CPU
		{7DD8211B-D477-4C62-9AE1-4AF3491B955E}.Release|Any CPU.ActiveCfg = Release|Any CPU
		{7DD8211B-D477-4C62-9AE1-4AF3491B955E}.Release|Any CPU.Build.0 = Release|Any CPU
	EndGlobalSection
	GlobalSection(SolutionProperties) = preSolution
		HideSolutionNode = FALSE
	EndGlobalSection
	GlobalSection(ExtensibilityGlobals) = postSolution
		SolutionGuid = {5C4D6BC0-E6E3-4632-92FF-8B4D471BA02B}
	EndGlobalSection
EndGlobal
